
Microsoft Visual Studio Solution File, Format Version 12.00
# Visual Studio 15
VisualStudioVersion = 15.0.26124.0
MinimumVisualStudioVersion = 15.0.26124.0
Project("{FAE04EC0-301F-11D3-BF4B-00C04F79EFBC}") = "SuperMarket.Api", "SuperMarket.Api\SuperMarket.Api.csproj", "{51650F18-6BBE-423E-886E-6FF3AE7DCF95}"
EndProject
Project("{FAE04EC0-301F-11D3-BF4B-00C04F79EFBC}") = "SuperMarket.Services", "SuperMarket.Services\SuperMarket.Services.csproj", "{ECB84861-E57C-446B-9365-3770909D355E}"
EndProject
Project("{FAE04EC0-301F-11D3-BF4B-00C04F79EFBC}") = "SuperMarket.Core", "SuperMarket.Core\SuperMarket.Core.csproj", "{7FF1F43F-9BD7-4493-8165-A8993649479F}"
EndProject
Global
	GlobalSection(SolutionConfigurationPlatforms) = preSolution
		Debug|Any CPU = Debug|Any CPU
		Debug|x64 = Debug|x64
		Debug|x86 = Debug|x86
		Release|Any CPU = Release|Any CPU
		Release|x64 = Release|x64
		Release|x86 = Release|x86
	EndGlobalSection
	GlobalSection(SolutionProperties) = preSolution
		HideSolutionNode = FALSE
	EndGlobalSection
	GlobalSection(ProjectConfigurationPlatforms) = postSolution
		{51650F18-6BBE-423E-886E-6FF3AE7DCF95}.Debug|Any CPU.ActiveCfg = Debug|Any CPU
		{51650F18-6BBE-423E-886E-6FF3AE7DCF95}.Debug|Any CPU.Build.0 = Debug|Any CPU
		{51650F18-6BBE-423E-886E-6FF3AE7DCF95}.Debug|x64.ActiveCfg = Debug|Any CPU
		{51650F18-6BBE-423E-886E-6FF3AE7DCF95}.Debug|x64.Build.0 = Debug|Any CPU
		{51650F18-6BBE-423E-886E-6FF3AE7DCF95}.Debug|x86.ActiveCfg = Debug|Any CPU
		{51650F18-6BBE-423E-886E-6FF3AE7DCF95}.Debug|x86.Build.0 = Debug|Any CPU
		{51650F18-6BBE-423E-886E-6FF3AE7DCF95}.Release|Any CPU.ActiveCfg = Release|Any CPU
		{51650F18-6BBE-423E-886E-6FF3AE7DCF95}.Release|Any CPU.Build.0 = Release|Any CPU
		{51650F18-6BBE-423E-886E-6FF3AE7DCF95}.Release|x64.ActiveCfg = Release|Any CPU
		{51650F18-6BBE-423E-886E-6FF3AE7DCF95}.Release|x64.Build.0 = Release|Any CPU
		{51650F18-6BBE-423E-886E-6FF3AE7DCF95}.Release|x86.ActiveCfg = Release|Any CPU
		{51650F18-6BBE-423E-886E-6FF3AE7DCF95}.Release|x86.Build.0 = Release|Any CPU
		{ECB84861-E57C-446B-9365-3770909D355E}.Debug|Any CPU.ActiveCfg = Debug|Any CPU
		{ECB84861-E57C-446B-9365-3770909D355E}.Debug|Any CPU.Build.0 = Debug|Any CPU
		{ECB84861-E57C-446B-9365-3770909D355E}.Debug|x64.ActiveCfg = Debug|Any CPU
		{ECB84861-E57C-446B-9365-3770909D355E}.Debug|x64.Build.0 = Debug|Any CPU
		{ECB84861-E57C-446B-9365-3770909D355E}.Debug|x86.ActiveCfg = Debug|Any CPU
		{ECB84861-E57C-446B-9365-3770909D355E}.Debug|x86.Build.0 = Debug|Any CPU
		{ECB84861-E57C-446B-9365-3770909D355E}.Release|Any CPU.ActiveCfg = Release|Any CPU
		{ECB84861-E57C-446B-9365-3770909D355E}.Release|Any CPU.Build.0 = Release|Any CPU
		{ECB84861-E57C-446B-9365-3770909D355E}.Release|x64.ActiveCfg = Release|Any CPU
		{ECB84861-E57C-446B-9365-3770909D355E}.Release|x64.Build.0 = Release|Any CPU
		{ECB84861-E57C-446B-9365-3770909D355E}.Release|x86.ActiveCfg = Release|Any CPU
		{ECB84861-E57C-446B-9365-3770909D355E}.Release|x86.Build.0 = Release|Any CPU
		{7FF1F43F-9BD7-4493-8165-A8993649479F}.Debug|Any CPU.ActiveCfg = Debug|Any CPU
		{7FF1F43F-9BD7-4493-8165-A8993649479F}.Debug|Any CPU.Build.0 = Debug|Any CPU
		{7FF1F43F-9BD7-4493-8165-A8993649479F}.Debug|x64.ActiveCfg = Debug|Any CPU
		{7FF1F43F-9BD7-4493-8165-A8993649479F}.Debug|x64.Build.0 = Debug|Any CPU
		{7FF1F43F-9BD7-4493-8165-A8993649479F}.Debug|x86.ActiveCfg = Debug|Any CPU
		{7FF1F43F-9BD7-4493-8165-A8993649479F}.Debug|x86.Build.0 = Debug|Any CPU
		{7FF1F43F-9BD7-4493-8165-A8993649479F}.Release|Any CPU.ActiveCfg = Release|Any CPU
		{7FF1F43F-9BD7-4493-8165-A8993649479F}.Release|Any CPU.Build.0 = Release|Any CPU
		{7FF1F43F-9BD7-4493-8165-A8993649479F}.Release|x64.ActiveCfg = Release|Any CPU
		{7FF1F43F-9BD7-4493-8165-A8993649479F}.Release|x64.Build.0 = Release|Any CPU
		{7FF1F43F-9BD7-4493-8165-A8993649479F}.Release|x86.ActiveCfg = Release|Any CPU
		{7FF1F43F-9BD7-4493-8165-A8993649479F}.Release|x86.Build.0 = Release|Any CPU
	EndGlobalSection
EndGlobal
